{
  "requires": true,
  "lockfileVersion": 1,
  "dependencies": {
    "box-annotations": {
      "version": "4.1.1-beta.2",
      "resolved": "https://registry.npmjs.org/box-annotations/-/box-annotations-4.1.1-beta.2.tgz",
      "integrity": "sha512-BH8hsJ4R0uFEY39t3hym1PNxVVmFmRT1I0Osx203tZyhvFiFnvC+5l/BiQDFq+jCpIjHweOhltstAnuSZgpxbQ=="
    }
  }
}
